{
	"name": "ranking-panel",
	"version": "0.1.0",
	"lockfileVersion": 3,
	"requires": true,
	"packages": {
		"": {
			"name": "ranking-panel",
			"version": "0.1.0",
			"license": "ISC",
			"dependencies": {
				"@flamework/networking": "^1.0.0-beta.21",
				"@rbxts/llama": "^1.1.1-ts.1",
				"@rbxts/material-ui": "github:simplynoni/roblox-material-ui#remove-rodux",
				"@rbxts/roact": "^1.4.4-ts.0",
				"@rbxts/roact-rodux": "^0.2.2-ts.8",
				"@rbxts/roact-router": "^1.1.6",
				"@rbxts/rodux": "^3.0.0-ts.3",
				"@rbxts/services": "^1.5.1",
				"@rbxts/trove": "^1.3.0"
			},
			"devDependencies": {
				"@rbxts/compiler-types": "^2.1.0-types.1",
				"@rbxts/types": "^1.0.698",
				"prettier": "^2.8.8",
				"rbxts-transform-debug": "^2.1.0-beta.0",
				"rbxts-transformer-flamework": "^1.0.0-beta.21",
				"rbxts-transformer-services": "^1.0.1",
				"typescript": "^4.9.4"
			}
		},
		"node_modules/@flamework/core": {
			"version": "1.0.0-beta.21",
			"resolved": "https://registry.npmjs.org/@flamework/core/-/core-1.0.0-beta.21.tgz",
			"integrity": "sha512-L/Muc0/HFdm9RBqoW4zhVXGq15OdV2JyAKGXllZYhfmaG8ZRHk1ZfiDs2awUDgsfT1nVifYVTHgmwFN3zfqDug==",
			"dependencies": {
				"@rbxts/maid": "^1.0.0-ts.1",
				"@rbxts/object-utils": "^1.0.4",
				"@rbxts/services": "^1.1.4",
				"@rbxts/signal": "^1.0.3",
				"@rbxts/t": "^2.1.4"
			}
		},
		"node_modules/@flamework/networking": {
			"version": "1.0.0-beta.21",
			"resolved": "https://registry.npmjs.org/@flamework/networking/-/networking-1.0.0-beta.21.tgz",
			"integrity": "sha512-UCmtxme+9kod/ffW70RjrYoEr3PHTfi0HvqEwCZdqEs/jD/Mv+saA8KOq6OHpNowYfrVVV/jOqaQ4jCmMDTe9w==",
			"dependencies": {
				"@flamework/core": "^1.0.0-beta.0",
				"@rbxts/object-utils": "^1.0.4",
				"@rbxts/services": "^1.1.5",
				"@rbxts/signal": "^1.0.3",
				"@rbxts/t": "^2.1.4"
			}
		},
		"node_modules/@rbxts/colour-utils": {
			"version": "1.3.1",
			"resolved": "https://registry.npmjs.org/@rbxts/colour-utils/-/colour-utils-1.3.1.tgz",
			"integrity": "sha512-Uor0gAEjxDud6jZJfb9+skZxw8Ui3VFtk9geKIdGmMp0tNsGDdNq8C/38pab4oEc9U7eEJA7STH94OfpENIbww=="
		},
		"node_modules/@rbxts/compiler-types": {
			"version": "2.1.0-types.1",
			"resolved": "https://registry.npmjs.org/@rbxts/compiler-types/-/compiler-types-2.1.0-types.1.tgz",
			"integrity": "sha512-+ztwutzuNivWsgsERiC7n5il4C5gfJUuGJUmXYRq8FwY4ye3aupRi9RocmyAHq6255sO7z+RM61AVbqx3llsLQ==",
			"dev": true
		},
		"node_modules/@rbxts/flipper": {
			"version": "2.0.1",
			"resolved": "https://registry.npmjs.org/@rbxts/flipper/-/flipper-2.0.1.tgz",
			"integrity": "sha512-kxb5AZizP05XSmo3waS/QkcfNMD5b6HX4gGwyHOyBow260R5MIT4L/ZUPLvleXXyb9b67X4NVmHoac1tPXOLNA=="
		},
		"node_modules/@rbxts/llama": {
			"version": "1.1.1-ts.1",
			"resolved": "https://registry.npmjs.org/@rbxts/llama/-/llama-1.1.1-ts.1.tgz",
			"integrity": "sha512-k4fGHYwuGfCrK6uoD5MzpN+DlxbO7hWYPn0Qzi5wH8+jue0DAVxpJ9q89ZLobgLzrAa/EAqufZ9VYoJvd/qx1g=="
		},
		"node_modules/@rbxts/maid": {
			"version": "1.1.0",
			"resolved": "https://registry.npmjs.org/@rbxts/maid/-/maid-1.1.0.tgz",
			"integrity": "sha512-bVWXZ0p2M3OJzPzvN5fY0T4s37ezUMY7EX31Xspp7Ds4C/K9yE4MHMRXjtlNvsYVPmoc5tdhAbpZY02Veix5lg=="
		},
		"node_modules/@rbxts/material-ui": {
			"version": "0.6.1",
			"resolved": "git+ssh://git@github.com/simplynoni/roblox-material-ui.git#7231f08a3bd6f168be1f183fc80cc30de73dafc3",
			"license": "MIT",
			"dependencies": {
				"@rbxts/colour-utils": "^1.3.1",
				"@rbxts/flipper": "^2.0.1",
				"@rbxts/maid": "^1.0.0-ts.1",
				"@rbxts/roact": "^1.4.4-ts.0",
				"@rbxts/services": "^1.5.1"
			}
		},
		"node_modules/@rbxts/object-utils": {
			"version": "1.0.4",
			"resolved": "https://registry.npmjs.org/@rbxts/object-utils/-/object-utils-1.0.4.tgz",
			"integrity": "sha512-dLLhf022ipV+9i910sOE7kl9losKHoon0WgeerHqVMQA5EYsLUsVT2AxhJuhk8MiDn5oJ2GiFofE/LadY9TpJQ=="
		},
		"node_modules/@rbxts/roact": {
			"version": "1.4.4-ts.0",
			"resolved": "https://registry.npmjs.org/@rbxts/roact/-/roact-1.4.4-ts.0.tgz",
			"integrity": "sha512-gn9mBoGG/Clzgv2kyOvLNVd9dh5t6z+jukC3ITv2HnfPqvf/sMbz/VMaBoiB7t5umuiIe0LjW0ctZrkrS+uTOA=="
		},
		"node_modules/@rbxts/roact-rodux": {
			"version": "0.2.2-ts.8",
			"resolved": "https://registry.npmjs.org/@rbxts/roact-rodux/-/roact-rodux-0.2.2-ts.8.tgz",
			"integrity": "sha512-qeVAOtIYvU3HhCqILZHDn1VAcat6XMJ/CdAEq/2jqNd15lxtuqSso07BapVfmP8qmRnznwWlGJ9eDOhOpr9xPA==",
			"peerDependencies": {
				"@rbxts/roact": "^1.4.4-ts.0",
				"@rbxts/rodux": "^3.0.0-ts.3",
				"@rbxts/types": "^1.0.627"
			}
		},
		"node_modules/@rbxts/roact-router": {
			"version": "1.1.6",
			"resolved": "https://registry.npmjs.org/@rbxts/roact-router/-/roact-router-1.1.6.tgz",
			"integrity": "sha512-1E8QVh9hU1a3s64PVE3Cymx3l9TH0WsOrj9i9Um6lPM0ehZdV6qsyJCR6FYyupXt5KxJisBy5UVRJ9flFpq5ag==",
			"peerDependencies": {
				"@rbxts/roact": "*"
			}
		},
		"node_modules/@rbxts/rodux": {
			"version": "3.0.0-ts.3",
			"resolved": "https://registry.npmjs.org/@rbxts/rodux/-/rodux-3.0.0-ts.3.tgz",
			"integrity": "sha512-LrLowiF1YL5U+lQheCNMo8sbrSEoZAIlVFOGB7Edjein5TtZAeNgyJrhY5yFH5gAfJQzFRnZWVOxWFaMlD0GRg=="
		},
		"node_modules/@rbxts/services": {
			"version": "1.5.1",
			"resolved": "https://registry.npmjs.org/@rbxts/services/-/services-1.5.1.tgz",
			"integrity": "sha512-SRtfIjga0K4YYSXRpK+eH3kcTq7ZXo9OHOt0jszaOOoEOIJloMGlyuRPqesPHyhveh2AMXAZr3TYbRMSD+u+kQ=="
		},
		"node_modules/@rbxts/signal": {
			"version": "1.1.1",
			"resolved": "https://registry.npmjs.org/@rbxts/signal/-/signal-1.1.1.tgz",
			"integrity": "sha512-WX+ONE+ld4pG9PvRkR8OgDld9NpaV1RfXyUIw+Q2oXP/5rehkYzvt20NWtrLAP3NhMc5inYInLd+hnufey6nFw=="
		},
		"node_modules/@rbxts/t": {
			"version": "2.2.1",
			"resolved": "https://registry.npmjs.org/@rbxts/t/-/t-2.2.1.tgz",
			"integrity": "sha512-MoFLHRQdm1tpAviAVxgkQj/ktxtnGBund2HXQj5xRqgYUWuC3kYuLkctuxXiJHUd1o1JzfU/HvVHtZfpqp61tg=="
		},
		"node_modules/@rbxts/trove": {
			"version": "1.3.0",
			"resolved": "https://registry.npmjs.org/@rbxts/trove/-/trove-1.3.0.tgz",
			"integrity": "sha512-Ibekh0xr2G0WTWlUhbIaybWZvKF0C4flaBJBhJOuyS/sp6qyyn9l3pWWbSI4zrIExuOIswwKQ7O1BJj2bIJYCA=="
		},
		"node_modules/@rbxts/types": {
			"version": "1.0.698",
			"resolved": "https://registry.npmjs.org/@rbxts/types/-/types-1.0.698.tgz",
			"integrity": "sha512-9XZw99ts9iZo6BU4WpMiiwpPHt1KDCVgl9L3T0uiQpO2nrUQpWI6YjiTvrBA8R1VwYyOWCQTEVwNEENk0UcKyA=="
		},
		"node_modules/@roblox-ts/rojo-resolver": {
			"version": "1.0.4",
			"resolved": "https://registry.npmjs.org/@roblox-ts/rojo-resolver/-/rojo-resolver-1.0.4.tgz",
			"integrity": "sha512-a4f5qp/67rjplKQxPeWcQTfVBzXmkaB7O/kcEthzzcVyIfDD1Kiez4BDiBbNANwRKaRnawE8YdllWEp2LDO1hg==",
			"dev": true,
			"dependencies": {
				"ajv": "^8.11.0",
				"fs-extra": "^11.1.0"
			}
		},
		"node_modules/@roblox-ts/rojo-resolver/node_modules/fs-extra": {
			"version": "11.1.1",
			"resolved": "https://registry.npmjs.org/fs-extra/-/fs-extra-11.1.1.tgz",
			"integrity": "sha512-MGIE4HOvQCeUCzmlHs0vXpih4ysz4wg9qiSAu6cd42lVwPbTM1TjV7RusoyQqMmk/95gdQZX72u+YW+c3eEpFQ==",
			"dev": true,
			"dependencies": {
				"graceful-fs": "^4.2.0",
				"jsonfile": "^6.0.1",
				"universalify": "^2.0.0"
			},
			"engines": {
				"node": ">=14.14"
			}
		},
		"node_modules/ajv": {
			"version": "8.12.0",
			"resolved": "https://registry.npmjs.org/ajv/-/ajv-8.12.0.tgz",
			"integrity": "sha512-sRu1kpcO9yLtYxBKvqfTeh9KzZEwO3STyX1HT+4CaDzC6HpTGYhIhPIzj9XuKU7KYDwnaeh5hcOwjy1QuJzBPA==",
			"dev": true,
			"dependencies": {
				"fast-deep-equal": "^3.1.1",
				"json-schema-traverse": "^1.0.0",
				"require-from-string": "^2.0.2",
				"uri-js": "^4.2.2"
			},
			"funding": {
				"type": "github",
				"url": "https://github.com/sponsors/epoberezkin"
			}
		},
		"node_modules/ansi-styles": {
			"version": "4.3.0",
			"resolved": "https://registry.npmjs.org/ansi-styles/-/ansi-styles-4.3.0.tgz",
			"integrity": "sha512-zbB9rCJAT1rbjiVDb2hqKFHNYLxgtk8NURxZ3IZwD3F6NtxbXZQCnnSi1Lkx+IDohdPlFp222wVALIheZJQSEg==",
			"dev": true,
			"dependencies": {
				"color-convert": "^2.0.1"
			},
			"engines": {
				"node": ">=8"
			},
			"funding": {
				"url": "https://github.com/chalk/ansi-styles?sponsor=1"
			}
		},
		"node_modules/balanced-match": {
			"version": "1.0.2",
			"resolved": "https://registry.npmjs.org/balanced-match/-/balanced-match-1.0.2.tgz",
			"integrity": "sha512-3oSeUO0TMV67hN1AmbXsK4yaqU7tjiHlbxRDZOpH0KW9+CeX4bRAaX0Anxt0tx2MrpRpWwQaPwIlISEJhYU5Pw==",
			"dev": true
		},
		"node_modules/brace-expansion": {
			"version": "1.1.11",
			"resolved": "https://registry.npmjs.org/brace-expansion/-/brace-expansion-1.1.11.tgz",
			"integrity": "sha512-iCuPHDFgrHX7H2vEI/5xpz07zSHB00TpugqhmYtVmMO6518mCuRMoOYFldEBl0g187ufozdaHgWKcYFb61qGiA==",
			"dev": true,
			"dependencies": {
				"balanced-match": "^1.0.0",
				"concat-map": "0.0.1"
			}
		},
		"node_modules/chalk": {
			"version": "4.1.2",
			"resolved": "https://registry.npmjs.org/chalk/-/chalk-4.1.2.tgz",
			"integrity": "sha512-oKnbhFyRIXpUuez8iBMmyEa4nbj4IOQyuhc/wy9kY7/WVPcwIO9VA668Pu8RkO7+0G76SLROeyw9CpQ061i4mA==",
			"dev": true,
			"dependencies": {
				"ansi-styles": "^4.1.0",
				"supports-color": "^7.1.0"
			},
			"engines": {
				"node": ">=10"
			},
			"funding": {
				"url": "https://github.com/chalk/chalk?sponsor=1"
			}
		},
		"node_modules/color-convert": {
			"version": "2.0.1",
			"resolved": "https://registry.npmjs.org/color-convert/-/color-convert-2.0.1.tgz",
			"integrity": "sha512-RRECPsj7iu/xb5oKYcsFHSppFNnsj/52OVTRKb4zP5onXwVF3zVmmToNcOfGC+CRDpfK/U584fMg38ZHCaElKQ==",
			"dev": true,
			"dependencies": {
				"color-name": "~1.1.4"
			},
			"engines": {
				"node": ">=7.0.0"
			}
		},
		"node_modules/color-name": {
			"version": "1.1.4",
			"resolved": "https://registry.npmjs.org/color-name/-/color-name-1.1.4.tgz",
			"integrity": "sha512-dOy+3AuW3a2wNbZHIuMZpTcgjGuLU/uBL/ubcZF9OXbDo8ff4O8yVp5Bf0efS8uEoYo5q4Fx7dY9OgQGXgAsQA==",
			"dev": true
		},
		"node_modules/colors": {
			"version": "1.4.0",
			"resolved": "https://registry.npmjs.org/colors/-/colors-1.4.0.tgz",
			"integrity": "sha512-a+UqTh4kgZg/SlGvfbzDHpgRu7AAQOmmqRHJnxhRZICKFUT91brVhNNt58CMWU9PsBbv3PDCZUHbVxuDiH2mtA==",
			"dev": true,
			"engines": {
				"node": ">=0.1.90"
			}
		},
		"node_modules/concat-map": {
			"version": "0.0.1",
			"resolved": "https://registry.npmjs.org/concat-map/-/concat-map-0.0.1.tgz",
			"integrity": "sha512-/Srv4dswyQNBfohGpz9o6Yb3Gz3SrUDqBH5rTuhGR7ahtlbYKnVxw2bCFMRljaA7EXHaXZ8wsHdodFvbkhKmqg==",
			"dev": true
		},
		"node_modules/cross-spawn": {
			"version": "7.0.3",
			"resolved": "https://registry.npmjs.org/cross-spawn/-/cross-spawn-7.0.3.tgz",
			"integrity": "sha512-iRDPJKUPVEND7dHPO8rkbOnPpyDygcDFtWjpeWNCgy8WP2rXcxXL8TskReQl6OrB2G7+UJrags1q15Fudc7G6w==",
			"dev": true,
			"dependencies": {
				"path-key": "^3.1.0",
				"shebang-command": "^2.0.0",
				"which": "^2.0.1"
			},
			"engines": {
				"node": ">= 8"
			}
		},
		"node_modules/dotenv": {
			"version": "8.6.0",
			"resolved": "https://registry.npmjs.org/dotenv/-/dotenv-8.6.0.tgz",
			"integrity": "sha512-IrPdXQsk2BbzvCBGBOTmmSH5SodmqZNt4ERAZDmW4CT+tL8VtvinqywuANaFu4bOMWki16nqf0e4oC0QIaDr/g==",
			"dev": true,
			"engines": {
				"node": ">=10"
			}
		},
		"node_modules/execa": {
			"version": "5.1.1",
			"resolved": "https://registry.npmjs.org/execa/-/execa-5.1.1.tgz",
			"integrity": "sha512-8uSpZZocAZRBAPIEINJj3Lo9HyGitllczc27Eh5YYojjMFMn8yHMDMaUHE2Jqfq05D/wucwI4JGURyXt1vchyg==",
			"dev": true,
			"dependencies": {
				"cross-spawn": "^7.0.3",
				"get-stream": "^6.0.0",
				"human-signals": "^2.1.0",
				"is-stream": "^2.0.0",
				"merge-stream": "^2.0.0",
				"npm-run-path": "^4.0.1",
				"onetime": "^5.1.2",
				"signal-exit": "^3.0.3",
				"strip-final-newline": "^2.0.0"
			},
			"engines": {
				"node": ">=10"
			},
			"funding": {
				"url": "https://github.com/sindresorhus/execa?sponsor=1"
			}
		},
		"node_modules/fast-deep-equal": {
			"version": "3.1.3",
			"resolved": "https://registry.npmjs.org/fast-deep-equal/-/fast-deep-equal-3.1.3.tgz",
			"integrity": "sha512-f3qQ9oQy9j2AhBe/H9VC91wLmKBCCU/gDOnKNAYG5hswO7BLKj09Hc5HYNz9cGI++xlpDCIgDaitVs03ATR84Q==",
			"dev": true
		},
		"node_modules/fs-extra": {
			"version": "10.1.0",
			"resolved": "https://registry.npmjs.org/fs-extra/-/fs-extra-10.1.0.tgz",
			"integrity": "sha512-oRXApq54ETRj4eMiFzGnHWGy+zo5raudjuxN0b8H7s/RU2oW0Wvsx9O0ACRN/kRq9E8Vu/ReskGB5o3ji+FzHQ==",
			"dev": true,
			"dependencies": {
				"graceful-fs": "^4.2.0",
				"jsonfile": "^6.0.1",
				"universalify": "^2.0.0"
			},
			"engines": {
				"node": ">=12"
			}
		},
		"node_modules/fs.realpath": {
			"version": "1.0.0",
			"resolved": "https://registry.npmjs.org/fs.realpath/-/fs.realpath-1.0.0.tgz",
			"integrity": "sha512-OO0pH2lK6a0hZnAdau5ItzHPI6pUlvI7jMVnxUQRtw4owF2wk8lOSabtGDCTP4Ggrg2MbGnWO9X8K1t4+fGMDw==",
			"dev": true
		},
		"node_modules/function-bind": {
			"version": "1.1.1",
			"resolved": "https://registry.npmjs.org/function-bind/-/function-bind-1.1.1.tgz",
			"integrity": "sha512-yIovAzMX49sF8Yl58fSCWJ5svSLuaibPxXQJFLmBObTuCr0Mf1KiPopGM9NiFjiYBCbfaa2Fh6breQ6ANVTI0A==",
			"dev": true
		},
		"node_modules/get-stream": {
			"version": "6.0.1",
			"resolved": "https://registry.npmjs.org/get-stream/-/get-stream-6.0.1.tgz",
			"integrity": "sha512-ts6Wi+2j3jQjqi70w5AlN8DFnkSwC+MqmxEzdEALB2qXZYV3X/b1CTfgPLGJNMeAWxdPfU8FO1ms3NUfaHCPYg==",
			"dev": true,
			"engines": {
				"node": ">=10"
			},
			"funding": {
				"url": "https://github.com/sponsors/sindresorhus"
			}
		},
		"node_modules/git-repo-info": {
			"version": "2.1.1",
			"resolved": "https://registry.npmjs.org/git-repo-info/-/git-repo-info-2.1.1.tgz",
			"integrity": "sha512-8aCohiDo4jwjOwma4FmYFd3i97urZulL8XL24nIPxuE+GZnfsAyy/g2Shqx6OjUiFKUXZM+Yy+KHnOmmA3FVcg==",
			"dev": true,
			"engines": {
				"node": ">= 4.0"
			}
		},
		"node_modules/glob": {
			"version": "7.2.3",
			"resolved": "https://registry.npmjs.org/glob/-/glob-7.2.3.tgz",
			"integrity": "sha512-nFR0zLpU2YCaRxwoCJvL6UvCH2JFyFVIvwTLsIf21AuHlMskA1hhTdk+LlYJtOlYt9v6dvszD2BGRqBL+iQK9Q==",
			"dev": true,
			"dependencies": {
				"fs.realpath": "^1.0.0",
				"inflight": "^1.0.4",
				"inherits": "2",
				"minimatch": "^3.1.1",
				"once": "^1.3.0",
				"path-is-absolute": "^1.0.0"
			},
			"engines": {
				"node": "*"
			},
			"funding": {
				"url": "https://github.com/sponsors/isaacs"
			}
		},
		"node_modules/graceful-fs": {
			"version": "4.2.11",
			"resolved": "https://registry.npmjs.org/graceful-fs/-/graceful-fs-4.2.11.tgz",
			"integrity": "sha512-RbJ5/jmFcNNCcDV5o9eTnBLJ/HszWV0P73bc+Ff4nS/rJj+YaS6IGyiOL0VoBYX+l1Wrl3k63h/KrH+nhJ0XvQ==",
			"dev": true
		},
		"node_modules/has": {
			"version": "1.0.3",
			"resolved": "https://registry.npmjs.org/has/-/has-1.0.3.tgz",
			"integrity": "sha512-f2dvO0VU6Oej7RkWJGrehjbzMAjFp5/VKPp5tTpWIV4JHHZK1/BxbFRtf/siA2SWTe09caDmVtYYzWEIbBS4zw==",
			"dev": true,
			"dependencies": {
				"function-bind": "^1.1.1"
			},
			"engines": {
				"node": ">= 0.4.0"
			}
		},
		"node_modules/has-flag": {
			"version": "4.0.0",
			"resolved": "https://registry.npmjs.org/has-flag/-/has-flag-4.0.0.tgz",
			"integrity": "sha512-EykJT/Q1KjTWctppgIAgfSO0tKVuZUjhgMr17kqTumMl6Afv3EISleU7qZUzoXDFTAHTDC4NOoG/ZxU3EvlMPQ==",
			"dev": true,
			"engines": {
				"node": ">=8"
			}
		},
		"node_modules/hashids": {
			"version": "2.3.0",
			"resolved": "https://registry.npmjs.org/hashids/-/hashids-2.3.0.tgz",
			"integrity": "sha512-ljM73TE/avEhNnazxaj0Dw3BbEUuLC5yYCQ9RSkSUcT4ZSU6ZebdKCIBJ+xT/DnSYW36E9k82GH1Q6MydSIosQ==",
			"dev": true
		},
		"node_modules/hosted-git-info": {
			"version": "4.1.0",
			"resolved": "https://registry.npmjs.org/hosted-git-info/-/hosted-git-info-4.1.0.tgz",
			"integrity": "sha512-kyCuEOWjJqZuDbRHzL8V93NzQhwIB71oFWSyzVo+KPZI+pnQPPxucdkrOZvkLRnrf5URsQM+IJ09Dw29cRALIA==",
			"dev": true,
			"dependencies": {
				"lru-cache": "^6.0.0"
			},
			"engines": {
				"node": ">=10"
			}
		},
		"node_modules/human-signals": {
			"version": "2.1.0",
			"resolved": "https://registry.npmjs.org/human-signals/-/human-signals-2.1.0.tgz",
			"integrity": "sha512-B4FFZ6q/T2jhhksgkbEW3HBvWIfDW85snkQgawt07S7J5QXTk6BkNV+0yAeZrM5QpMAdYlocGoljn0sJ/WQkFw==",
			"dev": true,
			"engines": {
				"node": ">=10.17.0"
			}
		},
		"node_modules/inflight": {
			"version": "1.0.6",
			"resolved": "https://registry.npmjs.org/inflight/-/inflight-1.0.6.tgz",
			"integrity": "sha512-k92I/b08q4wvFscXCLvqfsHCrjrF7yiXsQuIVvVE7N82W3+aqpzuUdBbfhWcy/FZR3/4IgflMgKLOsvPDrGCJA==",
			"dev": true,
			"dependencies": {
				"once": "^1.3.0",
				"wrappy": "1"
			}
		},
		"node_modules/inherits": {
			"version": "2.0.4",
			"resolved": "https://registry.npmjs.org/inherits/-/inherits-2.0.4.tgz",
			"integrity": "sha512-k/vGaX4/Yla3WzyMCvTQOXYeIHvqOKtnqBduzTHpzpQZzAskKMhZ2K+EnBiSM9zGSoIFeMpXKxa4dYeZIQqewQ==",
			"dev": true
		},
		"node_modules/is-core-module": {
			"version": "2.12.1",
			"resolved": "https://registry.npmjs.org/is-core-module/-/is-core-module-2.12.1.tgz",
			"integrity": "sha512-Q4ZuBAe2FUsKtyQJoQHlvP8OvBERxO3jEmy1I7hcRXcJBGGHFh/aJBswbXuS9sgrDH2QUO8ilkwNPHvHMd8clg==",
			"dev": true,
			"dependencies": {
				"has": "^1.0.3"
			},
			"funding": {
				"url": "https://github.com/sponsors/ljharb"
			}
		},
		"node_modules/is-stream": {
			"version": "2.0.1",
			"resolved": "https://registry.npmjs.org/is-stream/-/is-stream-2.0.1.tgz",
			"integrity": "sha512-hFoiJiTl63nn+kstHGBtewWSKnQLpyb155KHheA1l39uvtO9nWIop1p3udqPcUd/xbF1VLMO4n7OI6p7RbngDg==",
			"dev": true,
			"engines": {
				"node": ">=8"
			},
			"funding": {
				"url": "https://github.com/sponsors/sindresorhus"
			}
		},
		"node_modules/isexe": {
			"version": "2.0.0",
			"resolved": "https://registry.npmjs.org/isexe/-/isexe-2.0.0.tgz",
			"integrity": "sha512-RHxMLp9lnKHGHRng9QFhRCMbYAcVpn69smSGcq3f36xjgVVWThj4qqLbTLlq7Ssj8B+fIQ1EuCEGI2lKsyQeIw==",
			"dev": true
		},
		"node_modules/json-schema-traverse": {
			"version": "1.0.0",
			"resolved": "https://registry.npmjs.org/json-schema-traverse/-/json-schema-traverse-1.0.0.tgz",
			"integrity": "sha512-NM8/P9n3XjXhIZn1lLhkFaACTOURQXjWhV4BA/RnOv8xvgqtqpAX9IO4mRQxSx1Rlo4tqzeqb0sOlruaOy3dug==",
			"dev": true
		},
		"node_modules/jsonfile": {
			"version": "6.1.0",
			"resolved": "https://registry.npmjs.org/jsonfile/-/jsonfile-6.1.0.tgz",
			"integrity": "sha512-5dgndWOriYSm5cnYaJNhalLNDKOqFwyDB/rr1E9ZsGciGvKPs8R2xYGCacuf3z6K1YKDz182fd+fY3cn3pMqXQ==",
			"dev": true,
			"dependencies": {
				"universalify": "^2.0.0"
			},
			"optionalDependencies": {
				"graceful-fs": "^4.1.6"
			}
		},
		"node_modules/lru-cache": {
			"version": "6.0.0",
			"resolved": "https://registry.npmjs.org/lru-cache/-/lru-cache-6.0.0.tgz",
			"integrity": "sha512-Jo6dJ04CmSjuznwJSS3pUeWmd/H0ffTlkXXgwZi+eq1UCmqQwCh+eLsYOYCwY991i2Fah4h1BEMCx4qThGbsiA==",
			"dev": true,
			"dependencies": {
				"yallist": "^4.0.0"
			},
			"engines": {
				"node": ">=10"
			}
		},
		"node_modules/merge-stream": {
			"version": "2.0.0",
			"resolved": "https://registry.npmjs.org/merge-stream/-/merge-stream-2.0.0.tgz",
			"integrity": "sha512-abv/qOcuPfk3URPfDzmZU1LKmuw8kT+0nIHvKrKgFrwifol/doWcdA4ZqsWQ8ENrFKkd67Mfpo/LovbIUsbt3w==",
			"dev": true
		},
		"node_modules/mimic-fn": {
			"version": "2.1.0",
			"resolved": "https://registry.npmjs.org/mimic-fn/-/mimic-fn-2.1.0.tgz",
			"integrity": "sha512-OqbOk5oEQeAZ8WXWydlu9HJjz9WVdEIvamMCcXmuqUYjTknH/sqsWvhQ3vgwKFRR1HpjvNBKQ37nbJgYzGqGcg==",
			"dev": true,
			"engines": {
				"node": ">=6"
			}
		},
		"node_modules/minimatch": {
			"version": "3.1.2",
			"resolved": "https://registry.npmjs.org/minimatch/-/minimatch-3.1.2.tgz",
			"integrity": "sha512-J7p63hRiAjw1NDEww1W7i37+ByIrOWO5XQQAzZ3VOcL0PNybwpfmV/N05zFAzwQ9USyEcX6t3UO+K5aqBQOIHw==",
			"dev": true,
			"dependencies": {
				"brace-expansion": "^1.1.7"
			},
			"engines": {
				"node": "*"
			}
		},
		"node_modules/normalize-package-data": {
			"version": "3.0.3",
			"resolved": "https://registry.npmjs.org/normalize-package-data/-/normalize-package-data-3.0.3.tgz",
			"integrity": "sha512-p2W1sgqij3zMMyRC067Dg16bfzVH+w7hyegmpIvZ4JNjqtGOVAIvLmjBx3yP7YTe9vKJgkoNOPjwQGogDoMXFA==",
			"dev": true,
			"dependencies": {
				"hosted-git-info": "^4.0.1",
				"is-core-module": "^2.5.0",
				"semver": "^7.3.4",
				"validate-npm-package-license": "^3.0.1"
			},
			"engines": {
				"node": ">=10"
			}
		},
		"node_modules/npm-run-path": {
			"version": "4.0.1",
			"resolved": "https://registry.npmjs.org/npm-run-path/-/npm-run-path-4.0.1.tgz",
			"integrity": "sha512-S48WzZW777zhNIrn7gxOlISNAqi9ZC/uQFnRdbeIHhZhCA6UqpkOT8T1G7BvfdgP4Er8gF4sUbaS0i7QvIfCWw==",
			"dev": true,
			"dependencies": {
				"path-key": "^3.0.0"
			},
			"engines": {
				"node": ">=8"
			}
		},
		"node_modules/once": {
			"version": "1.4.0",
			"resolved": "https://registry.npmjs.org/once/-/once-1.4.0.tgz",
			"integrity": "sha512-lNaJgI+2Q5URQBkccEKHTQOPaXdUxnZZElQTZY0MFUAuaEqe1E+Nyvgdz/aIyNi6Z9MzO5dv1H8n58/GELp3+w==",
			"dev": true,
			"dependencies": {
				"wrappy": "1"
			}
		},
		"node_modules/onetime": {
			"version": "5.1.2",
			"resolved": "https://registry.npmjs.org/onetime/-/onetime-5.1.2.tgz",
			"integrity": "sha512-kbpaSSGJTWdAY5KPVeMOKXSrPtr8C8C7wodJbcsd51jRnmD+GZu8Y0VoU6Dm5Z4vWr0Ig/1NKuWRKf7j5aaYSg==",
			"dev": true,
			"dependencies": {
				"mimic-fn": "^2.1.0"
			},
			"engines": {
				"node": ">=6"
			},
			"funding": {
				"url": "https://github.com/sponsors/sindresorhus"
			}
		},
		"node_modules/path-is-absolute": {
			"version": "1.0.1",
			"resolved": "https://registry.npmjs.org/path-is-absolute/-/path-is-absolute-1.0.1.tgz",
			"integrity": "sha512-AVbw3UJ2e9bq64vSaS9Am0fje1Pa8pbGqTTsmXfaIiMpnr5DlDhfJOuLj9Sf95ZPVDAUerDfEk88MPmPe7UCQg==",
			"dev": true,
			"engines": {
				"node": ">=0.10.0"
			}
		},
		"node_modules/path-key": {
			"version": "3.1.1",
			"resolved": "https://registry.npmjs.org/path-key/-/path-key-3.1.1.tgz",
			"integrity": "sha512-ojmeN0qd+y0jszEtoY48r0Peq5dwMEkIlCOu6Q5f41lfkswXuKtYrhgoTpLnyIcHm24Uhqx+5Tqm2InSwLhE6Q==",
			"dev": true,
			"engines": {
				"node": ">=8"
			}
		},
		"node_modules/prettier": {
			"version": "2.8.8",
			"resolved": "https://registry.npmjs.org/prettier/-/prettier-2.8.8.tgz",
			"integrity": "sha512-tdN8qQGvNjw4CHbY+XXk0JgCXn9QiF21a55rBe5LJAU+kDyC4WQn4+awm2Xfk2lQMk5fKup9XgzTZtGkjBdP9Q==",
			"dev": true,
			"bin": {
				"prettier": "bin-prettier.js"
			},
			"engines": {
				"node": ">=10.13.0"
			},
			"funding": {
				"url": "https://github.com/prettier/prettier?sponsor=1"
			}
		},
		"node_modules/punycode": {
			"version": "2.3.0",
			"resolved": "https://registry.npmjs.org/punycode/-/punycode-2.3.0.tgz",
			"integrity": "sha512-rRV+zQD8tVFys26lAGR9WUuS4iUAngJScM+ZRSKtvl5tKeZ2t5bvdNFdNHBW9FWR4guGHlgmsZ1G7BSm2wTbuA==",
			"dev": true,
			"engines": {
				"node": ">=6"
			}
		},
		"node_modules/rbxts-transform-debug": {
			"version": "2.1.0-beta.0",
			"resolved": "https://registry.npmjs.org/rbxts-transform-debug/-/rbxts-transform-debug-2.1.0-beta.0.tgz",
			"integrity": "sha512-Xa1T6ctx7Y4N3+1N94JDOtdiik6sA4XJHc3EcAwLE1o64J1+98FS/09BYTO9OmxKzqPk2o9glHwL9GHrXElWOw==",
			"dev": true,
			"dependencies": {
				"chalk": "^4.1.0",
				"colors": "^1.4.0",
				"dotenv": "^8.2.0",
				"execa": "^5.1.1",
				"git-repo-info": "^2.1.1",
				"types-package-json": "^2.0.39",
				"typescript": "~4.9.5"
			}
		},
		"node_modules/rbxts-transformer-flamework": {
			"version": "1.0.0-beta.21",
			"resolved": "https://registry.npmjs.org/rbxts-transformer-flamework/-/rbxts-transformer-flamework-1.0.0-beta.21.tgz",
			"integrity": "sha512-qqE9S27YJkOXdvimNoQlQPb1yAvqEO13VujYteY8UlQePbBb5Tcdbjof4qJ1xm0eyPQTXPOEQgZ662AiDWhnPQ==",
			"dev": true,
			"dependencies": {
				"@roblox-ts/rojo-resolver": "^1.0.2",
				"ajv": "^8.6.3",
				"chalk": "^4.1.2",
				"fs-extra": "^10.0.0",
				"glob": "^7.2.0",
				"hashids": "^2.2.8",
				"normalize-package-data": "^3.0.3",
				"uuid": "^8.3.2"
			},
			"peerDependencies": {
				"typescript": "^4.9"
			}
		},
		"node_modules/rbxts-transformer-services": {
			"version": "1.0.1",
			"resolved": "https://registry.npmjs.org/rbxts-transformer-services/-/rbxts-transformer-services-1.0.1.tgz",
			"integrity": "sha512-+tNaseOIwAzrl2Me7oL8YTaEpkc6JRLSqCeWZHD2F6nPO+h2nx6zwkRUAQqdpQ19jA9cAG3qqh7lOxT8K6qoQw==",
			"dev": true,
			"dependencies": {
				"typescript": "^4.5.4"
			}
		},
		"node_modules/require-from-string": {
			"version": "2.0.2",
			"resolved": "https://registry.npmjs.org/require-from-string/-/require-from-string-2.0.2.tgz",
			"integrity": "sha512-Xf0nWe6RseziFMu+Ap9biiUbmplq6S9/p+7w7YXP/JBHhrUDDUhwa+vANyubuqfZWTveU//DYVGsDG7RKL/vEw==",
			"dev": true,
			"engines": {
				"node": ">=0.10.0"
			}
		},
		"node_modules/semver": {
			"version": "7.5.3",
			"resolved": "https://registry.npmjs.org/semver/-/semver-7.5.3.tgz",
			"integrity": "sha512-QBlUtyVk/5EeHbi7X0fw6liDZc7BBmEaSYn01fMU1OUYbf6GPsbTtd8WmnqbI20SeycoHSeiybkE/q1Q+qlThQ==",
			"dev": true,
			"dependencies": {
				"lru-cache": "^6.0.0"
			},
			"bin": {
				"semver": "bin/semver.js"
			},
			"engines": {
				"node": ">=10"
			}
		},
		"node_modules/shebang-command": {
			"version": "2.0.0",
			"resolved": "https://registry.npmjs.org/shebang-command/-/shebang-command-2.0.0.tgz",
			"integrity": "sha512-kHxr2zZpYtdmrN1qDjrrX/Z1rR1kG8Dx+gkpK1G4eXmvXswmcE1hTWBWYUzlraYw1/yZp6YuDY77YtvbN0dmDA==",
			"dev": true,
			"dependencies": {
				"shebang-regex": "^3.0.0"
			},
			"engines": {
				"node": ">=8"
			}
		},
		"node_modules/shebang-regex": {
			"version": "3.0.0",
			"resolved": "https://registry.npmjs.org/shebang-regex/-/shebang-regex-3.0.0.tgz",
			"integrity": "sha512-7++dFhtcx3353uBaq8DDR4NuxBetBzC7ZQOhmTQInHEd6bSrXdiEyzCvG07Z44UYdLShWUyXt5M/yhz8ekcb1A==",
			"dev": true,
			"engines": {
				"node": ">=8"
			}
		},
		"node_modules/signal-exit": {
			"version": "3.0.7",
			"resolved": "https://registry.npmjs.org/signal-exit/-/signal-exit-3.0.7.tgz",
			"integrity": "sha512-wnD2ZE+l+SPC/uoS0vXeE9L1+0wuaMqKlfz9AMUo38JsyLSBWSFcHR1Rri62LZc12vLr1gb3jl7iwQhgwpAbGQ==",
			"dev": true
		},
		"node_modules/spdx-correct": {
			"version": "3.2.0",
			"resolved": "https://registry.npmjs.org/spdx-correct/-/spdx-correct-3.2.0.tgz",
			"integrity": "sha512-kN9dJbvnySHULIluDHy32WHRUu3Og7B9sbY7tsFLctQkIqnMh3hErYgdMjTYuqmcXX+lK5T1lnUt3G7zNswmZA==",
			"dev": true,
			"dependencies": {
				"spdx-expression-parse": "^3.0.0",
				"spdx-license-ids": "^3.0.0"
			}
		},
		"node_modules/spdx-exceptions": {
			"version": "2.3.0",
			"resolved": "https://registry.npmjs.org/spdx-exceptions/-/spdx-exceptions-2.3.0.tgz",
			"integrity": "sha512-/tTrYOC7PPI1nUAgx34hUpqXuyJG+DTHJTnIULG4rDygi4xu/tfgmq1e1cIRwRzwZgo4NLySi+ricLkZkw4i5A==",
			"dev": true
		},
		"node_modules/spdx-expression-parse": {
			"version": "3.0.1",
			"resolved": "https://registry.npmjs.org/spdx-expression-parse/-/spdx-expression-parse-3.0.1.tgz",
			"integrity": "sha512-cbqHunsQWnJNE6KhVSMsMeH5H/L9EpymbzqTQ3uLwNCLZ1Q481oWaofqH7nO6V07xlXwY6PhQdQ2IedWx/ZK4Q==",
			"dev": true,
			"dependencies": {
				"spdx-exceptions": "^2.1.0",
				"spdx-license-ids": "^3.0.0"
			}
		},
		"node_modules/spdx-license-ids": {
			"version": "3.0.13",
			"resolved": "https://registry.npmjs.org/spdx-license-ids/-/spdx-license-ids-3.0.13.tgz",
			"integrity": "sha512-XkD+zwiqXHikFZm4AX/7JSCXA98U5Db4AFd5XUg/+9UNtnH75+Z9KxtpYiJZx36mUDVOwH83pl7yvCer6ewM3w==",
			"dev": true
		},
		"node_modules/strip-final-newline": {
			"version": "2.0.0",
			"resolved": "https://registry.npmjs.org/strip-final-newline/-/strip-final-newline-2.0.0.tgz",
			"integrity": "sha512-BrpvfNAE3dcvq7ll3xVumzjKjZQ5tI1sEUIKr3Uoks0XUl45St3FlatVqef9prk4jRDzhW6WZg+3bk93y6pLjA==",
			"dev": true,
			"engines": {
				"node": ">=6"
			}
		},
		"node_modules/supports-color": {
			"version": "7.2.0",
			"resolved": "https://registry.npmjs.org/supports-color/-/supports-color-7.2.0.tgz",
			"integrity": "sha512-qpCAvRl9stuOHveKsn7HncJRvv501qIacKzQlO/+Lwxc9+0q2wLyv4Dfvt80/DPn2pqOBsJdDiogXGR9+OvwRw==",
			"dev": true,
			"dependencies": {
				"has-flag": "^4.0.0"
			},
			"engines": {
				"node": ">=8"
			}
		},
		"node_modules/types-package-json": {
			"version": "2.0.39",
			"resolved": "https://registry.npmjs.org/types-package-json/-/types-package-json-2.0.39.tgz",
			"integrity": "sha512-c8ua5W1Uu6x7LAwtwSGCl46cHmj+r2eAA+lXR1CluIZotu9V03ZHcGB9wKRZE2oIAX5IzMP/rxDV9g9ikCg9Nw==",
			"dev": true
		},
		"node_modules/typescript": {
			"version": "4.9.5",
			"resolved": "https://registry.npmjs.org/typescript/-/typescript-4.9.5.tgz",
			"integrity": "sha512-1FXk9E2Hm+QzZQ7z+McJiHL4NW1F2EzMu9Nq9i3zAaGqibafqYwCVU6WyWAuyQRRzOlxou8xZSyXLEN8oKj24g==",
			"dev": true,
			"bin": {
				"tsc": "bin/tsc",
				"tsserver": "bin/tsserver"
			},
			"engines": {
				"node": ">=4.2.0"
			}
		},
		"node_modules/universalify": {
			"version": "2.0.0",
			"resolved": "https://registry.npmjs.org/universalify/-/universalify-2.0.0.tgz",
			"integrity": "sha512-hAZsKq7Yy11Zu1DE0OzWjw7nnLZmJZYTDZZyEFHZdUhV8FkH5MCfoU1XMaxXovpyW5nq5scPqq0ZDP9Zyl04oQ==",
			"dev": true,
			"engines": {
				"node": ">= 10.0.0"
			}
		},
		"node_modules/uri-js": {
			"version": "4.4.1",
			"resolved": "https://registry.npmjs.org/uri-js/-/uri-js-4.4.1.tgz",
			"integrity": "sha512-7rKUyy33Q1yc98pQ1DAmLtwX109F7TIfWlW1Ydo8Wl1ii1SeHieeh0HHfPeL2fMXK6z0s8ecKs9frCuLJvndBg==",
			"dev": true,
			"dependencies": {
				"punycode": "^2.1.0"
			}
		},
		"node_modules/uuid": {
			"version": "8.3.2",
			"resolved": "https://registry.npmjs.org/uuid/-/uuid-8.3.2.tgz",
			"integrity": "sha512-+NYs2QeMWy+GWFOEm9xnn6HCDp0l7QBD7ml8zLUmJ+93Q5NF0NocErnwkTkXVFNiX3/fpC6afS8Dhb/gz7R7eg==",
			"dev": true,
			"bin": {
				"uuid": "dist/bin/uuid"
			}
		},
		"node_modules/validate-npm-package-license": {
			"version": "3.0.4",
			"resolved": "https://registry.npmjs.org/validate-npm-package-license/-/validate-npm-package-license-3.0.4.tgz",
			"integrity": "sha512-DpKm2Ui/xN7/HQKCtpZxoRWBhZ9Z0kqtygG8XCgNQ8ZlDnxuQmWhj566j8fN4Cu3/JmbhsDo7fcAJq4s9h27Ew==",
			"dev": true,
			"dependencies": {
				"spdx-correct": "^3.0.0",
				"spdx-expression-parse": "^3.0.0"
			}
		},
		"node_modules/which": {
			"version": "2.0.2",
			"resolved": "https://registry.npmjs.org/which/-/which-2.0.2.tgz",
			"integrity": "sha512-BLI3Tl1TW3Pvl70l3yq3Y64i+awpwXqsGBYWkkqMtnbXgrMD+yj7rhW0kuEDxzJaYXGjEW5ogapKNMEKNMjibA==",
			"dev": true,
			"dependencies": {
				"isexe": "^2.0.0"
			},
			"bin": {
				"node-which": "bin/node-which"
			},
			"engines": {
				"node": ">= 8"
			}
		},
		"node_modules/wrappy": {
			"version": "1.0.2",
			"resolved": "https://registry.npmjs.org/wrappy/-/wrappy-1.0.2.tgz",
			"integrity": "sha512-l4Sp/DRseor9wL6EvV2+TuQn63dMkPjZ/sp9XkghTEbV9KlPS1xUsZ3u7/IQO4wxtcFB4bgpQPRcR3QCvezPcQ==",
			"dev": true
		},
		"node_modules/yallist": {
			"version": "4.0.0",
			"resolved": "https://registry.npmjs.org/yallist/-/yallist-4.0.0.tgz",
			"integrity": "sha512-3wdGidZyq5PB084XLES5TpOSRA3wjXAlIWMhum2kRcv/41Sn2emQ0dycQW4uZXLejwKvg6EsvbdlVL+FYEct7A==",
			"dev": true
		}
	}
}
